github.com/google/go-cmp v0.6.0 h1:ofyhxvXcZhMsU5ulbFiLKl/XBFqE1GSq7atu8tAmTRI=
github.com/google/go-cmp v0.6.0/go.mod h1:17dUlkBOakJ0+DkrSSNjCkIjxS6bF9zb3elmeNGIjoY=
github.com/muktihari/expr v1.4.1 h1:yQCa9fG9w+9m1XXVtoGoRtbPrrdm6I5bcFw0ADEW1Fs=
github.com/muktihari/expr v1.4.1/go.mod h1:qm6qnjKvElVwiV21UcrM+O3JuJlxN6PxORB0A4H67AM=
